
Microsoft Visual Studio Solution File, Format Version 12.00
# Visual Studio 2012
Project("{FAE04EC0-301F-11D3-BF4B-00C04F79EFBC}") = "Aufgabe2_Wolfgang_Ofner", "Aufgabe2_Wolfgang_Ofner\Aufgabe2_Wolfgang_Ofner.csproj", "{FC1E8E6F-98A2-49B7-87D9-6BDEB872363C}"
EndProject
Global
	GlobalSection(SolutionConfigurationPlatforms) = preSolution
		Debug|Any CPU = Debug|Any CPU
		Release|Any CPU = Release|Any CPU
	EndGlobalSection
	GlobalSection(ProjectConfigurationPlatforms) = postSolution
		{FC1E8E6F-98A2-49B7-87D9-6BDEB872363C}.Debug|Any CPU.ActiveCfg = Debug|Any CPU
		{FC1E8E6F-98A2-49B7-87D9-6BDEB872363C}.Debug|Any CPU.Build.0 = Debug|Any CPU
		{FC1E8E6F-98A2-49B7-87D9-6BDEB872363C}.Release|Any CPU.ActiveCfg = Release|Any CPU
		{FC1E8E6F-98A2-49B7-87D9-6BDEB872363C}.Release|Any CPU.Build.0 = Release|Any CPU
	EndGlobalSection
	GlobalSection(SolutionProperties) = preSolution
		HideSolutionNode = FALSE
	EndGlobalSection
EndGlobal
